// !$*UTF8*$!
{
	archiveVersion = 1;
	classes = {
	};
	objectVersion = 77;
	objects = {

/* Begin PBXBuildFile section */
		09A619A336C91E522CEEFCF8 /* MainView.swift in Sources */ = {isa = PBXBuildFile; fileRef = 16C3131B21BD37A815C0A345 /* MainView.swift */; };
		1E2AF5E6CC37188EF203DC50 /* FolderAccessManager.swift in Sources */ = {isa = PBXBuildFile; fileRef = 41FD39401CFE73E8774075C7 /* FolderAccessManager.swift */; };
		3008395E4543B0E008E31A57 /* CleaningActivityView.swift in Sources */ = {isa = PBXBuildFile; fileRef = 4B1E6202FC797EC64A8DB54A /* CleaningActivityView.swift */; };
		3ACF31824E9663A3D70BDCCC /* CleanupPolicy.swift in Sources */ = {isa = PBXBuildFile; fileRef = 30CB6838F47446B4AA4BBAFE /* CleanupPolicy.swift */; };
		3F2F7A8629C777DC893DB9BC /* Models.swift in Sources */ = {isa = PBXBuildFile; fileRef = F4037A0BF2B4182F11ACE823 /* Models.swift */; };
		6DAE75EDCD9141D3A00A3AC5 /* ScreenshotCapture.swift in Sources */ = {isa = PBXBuildFile; fileRef = FAAFAA6590D1E6FDE01B000D /* ScreenshotCapture.swift */; };
		6F4A9156E6FFC2F90D5D6AFD /* WaxOnWaxOffApp.swift in Sources */ = {isa = PBXBuildFile; fileRef = 1C7A6324B83F032E3EE04348 /* WaxOnWaxOffApp.swift */; };
		73951EAD29D71098DBC0ECFC /* CleanupPolicyTests.swift in Sources */ = {isa = PBXBuildFile; fileRef = F5E1B123E151BAB6CE39DEF3 /* CleanupPolicyTests.swift */; };
		8D111E3C802C0E87F016A557 /* CleanupEngine.swift in Sources */ = {isa = PBXBuildFile; fileRef = B20EE3770E17A48FA22D58D7 /* CleanupEngine.swift */; };
		CD847A80DAF74E04F9A6E09C /* Assets.xcassets in Resources */ = {isa = PBXBuildFile; fileRef = 521F233411067EE364A9A1E9 /* Assets.xcassets */; };
		E2F849704F0599A362BD5A0C /* PrivacyInfo.xcprivacy in Resources */ = {isa = PBXBuildFile; fileRef = DDF3D568E677DBE6E7AC3CFC /* PrivacyInfo.xcprivacy */; };
		E7E0288592E8BB0CE7C7BCE3 /* AppModel.swift in Sources */ = {isa = PBXBuildFile; fileRef = 55E9825DD43E53392FB4C546 /* AppModel.swift */; };
		ED311328F69B00783515B25C /* CleanupExpansionTests.swift in Sources */ = {isa = PBXBuildFile; fileRef = 4837109289B519CD11CD4D90 /* CleanupExpansionTests.swift */; };
		ED4BA28F66923CDD86C52499 /* ReclaimHistoryStore.swift in Sources */ = {isa = PBXBuildFile; fileRef = 6044217A38B24DC39A522AEC /* ReclaimHistoryStore.swift */; };
/* End PBXBuildFile section */

/* Begin PBXContainerItemProxy section */
		3BE1462A110B1DD989D3B931 /* PBXContainerItemProxy */ = {
			isa = PBXContainerItemProxy;
			containerPortal = 1AF47D8B2DC2EF26C561466E /* Project object */;
			proxyType = 1;
			remoteGlobalIDString = 1250EFA712840B42D579EB01;
			remoteInfo = WaxOnWaxOff;
		};
/* End PBXContainerItemProxy section */

/* Begin PBXFileReference section */
		16C3131B21BD37A815C0A345 /* MainView.swift */ = {isa = PBXFileReference; lastKnownFileType = sourcecode.swift; path = MainView.swift; sourceTree = "<group>"; };
		1C7A6324B83F032E3EE04348 /* WaxOnWaxOffApp.swift */ = {isa = PBXFileReference; lastKnownFileType = sourcecode.swift; path = WaxOnWaxOffApp.swift; sourceTree = "<group>"; };
		30CB6838F47446B4AA4BBAFE /* CleanupPolicy.swift */ = {isa = PBXFileReference; lastKnownFileType = sourcecode.swift; path = CleanupPolicy.swift; sourceTree = "<group>"; };
		41FD39401CFE73E8774075C7 /* FolderAccessManager.swift */ = {isa = PBXFileReference; lastKnownFileType = sourcecode.swift; path = FolderAccessManager.swift; sourceTree = "<group>"; };
		4837109289B519CD11CD4D90 /* CleanupExpansionTests.swift */ = {isa = PBXFileReference; lastKnownFileType = sourcecode.swift; path = CleanupExpansionTests.swift; sourceTree = "<group>"; };
		4B1E6202FC797EC64A8DB54A /* CleaningActivityView.swift */ = {isa = PBXFileReference; lastKnownFileType = sourcecode.swift; path = CleaningActivityView.swift; sourceTree = "<group>"; };
		521F233411067EE364A9A1E9 /* Assets.xcassets */ = {isa = PBXFileReference; lastKnownFileType = folder.assetcatalog; path = Assets.xcassets; sourceTree = "<group>"; };
		55E9825DD43E53392FB4C546 /* AppModel.swift */ = {isa = PBXFileReference; lastKnownFileType = sourcecode.swift; path = AppModel.swift; sourceTree = "<group>"; };
		6044217A38B24DC39A522AEC /* ReclaimHistoryStore.swift */ = {isa = PBXFileReference; lastKnownFileType = sourcecode.swift; path = ReclaimHistoryStore.swift; sourceTree = "<group>"; };
		90EE8B226D32F5CFC2993D78 /* WaxOnWaxOffTests.xctest */ = {isa = PBXFileReference; explicitFileType = wrapper.cfbundle; includeInIndex = 0; path = WaxOnWaxOffTests.xctest; sourceTree = BUILT_PRODUCTS_DIR; };
		A5EECAA68BE96AF5B0A5771C /* WaxOnWaxOff.app */ = {isa = PBXFileReference; explicitFileType = wrapper.application; includeInIndex = 0; path = WaxOnWaxOff.app; sourceTree = BUILT_PRODUCTS_DIR; };
		B20EE3770E17A48FA22D58D7 /* CleanupEngine.swift */ = {isa = PBXFileReference; lastKnownFileType = sourcecode.swift; path = CleanupEngine.swift; sourceTree = "<group>"; };
		DDF3D568E677DBE6E7AC3CFC /* PrivacyInfo.xcprivacy */ = {isa = PBXFileReference; path = PrivacyInfo.xcprivacy; sourceTree = "<group>"; };
		F4037A0BF2B4182F11ACE823 /* Models.swift */ = {isa = PBXFileReference; lastKnownFileType = sourcecode.swift; path = Models.swift; sourceTree = "<group>"; };
		F5E1B123E151BAB6CE39DEF3 /* CleanupPolicyTests.swift */ = {isa = PBXFileReference; lastKnownFileType = sourcecode.swift; path = CleanupPolicyTests.swift; sourceTree = "<group>"; };
		FAAFAA6590D1E6FDE01B000D /* ScreenshotCapture.swift */ = {isa = PBXFileReference; lastKnownFileType = sourcecode.swift; path = ScreenshotCapture.swift; sourceTree = "<group>"; };
/* End PBXFileReference section */

/* Begin PBXGroup section */
		1C658006B3D5B788FB1054EA /* Resources */ = {
			isa = PBXGroup;
			children = (
				521F233411067EE364A9A1E9 /* Assets.xcassets */,
				DDF3D568E677DBE6E7AC3CFC /* PrivacyInfo.xcprivacy */,
			);
			path = Resources;
			sourceTree = "<group>";
		};
		5AE255975FBB39EA322C0530 /* App */ = {
			isa = PBXGroup;
			children = (
				55E9825DD43E53392FB4C546 /* AppModel.swift */,
				4B1E6202FC797EC64A8DB54A /* CleaningActivityView.swift */,
				B20EE3770E17A48FA22D58D7 /* CleanupEngine.swift */,
				30CB6838F47446B4AA4BBAFE /* CleanupPolicy.swift */,
				41FD39401CFE73E8774075C7 /* FolderAccessManager.swift */,
				16C3131B21BD37A815C0A345 /* MainView.swift */,
				F4037A0BF2B4182F11ACE823 /* Models.swift */,
				6044217A38B24DC39A522AEC /* ReclaimHistoryStore.swift */,
				FAAFAA6590D1E6FDE01B000D /* ScreenshotCapture.swift */,
				1C7A6324B83F032E3EE04348 /* WaxOnWaxOffApp.swift */,
				1C658006B3D5B788FB1054EA /* Resources */,
			);
			path = App;
			sourceTree = "<group>";
		};
		911F2620CAB96FC28785D42D = {
			isa = PBXGroup;
			children = (
				5AE255975FBB39EA322C0530 /* App */,
				D989590D687A1707F3E8C50C /* Tests */,
				AE49A3A49871D47294C6278E /* Products */,
			);
			sourceTree = "<group>";
		};
		AE49A3A49871D47294C6278E /* Products */ = {
			isa = PBXGroup;
			children = (
				A5EECAA68BE96AF5B0A5771C /* WaxOnWaxOff.app */,
				90EE8B226D32F5CFC2993D78 /* WaxOnWaxOffTests.xctest */,
			);
			name = Products;
			sourceTree = "<group>";
		};
		D989590D687A1707F3E8C50C /* Tests */ = {
			isa = PBXGroup;
			children = (
				4837109289B519CD11CD4D90 /* CleanupExpansionTests.swift */,
				F5E1B123E151BAB6CE39DEF3 /* CleanupPolicyTests.swift */,
			);
			path = Tests;
			sourceTree = "<group>";
		};
/* End PBXGroup section */

/* Begin PBXNativeTarget section */
		1250EFA712840B42D579EB01 /* WaxOnWaxOff */ = {
			isa = PBXNativeTarget;
			buildConfigurationList = 1400BF4EE190E56434281DF7 /* Build configuration list for PBXNativeTarget "WaxOnWaxOff" */;
			buildPhases = (
				CAD221E40B0DA3ED934349BE /* Sources */,
				5C5A4AB30495E547F2D343A8 /* Resources */,
			);
			buildRules = (
			);
			dependencies = (
			);
			name = WaxOnWaxOff;
			packageProductDependencies = (
			);
			productName = WaxOnWaxOff;
			productReference = A5EECAA68BE96AF5B0A5771C /* WaxOnWaxOff.app */;
			productType = "com.apple.product-type.application";
		};
		8EDAB167D9B5E2D90DB70FC4 /* WaxOnWaxOffTests */ = {
			isa = PBXNativeTarget;
			buildConfigurationList = 530F76CBC64374E6F2E5377A /* Build configuration list for PBXNativeTarget "WaxOnWaxOffTests" */;
			buildPhases = (
				C5F925FBA32EB5FFDEA092CC /* Sources */,
			);
			buildRules = (
			);
			dependencies = (
				74D11F0FA035EFC7934C1F53 /* PBXTargetDependency */,
			);
			name = WaxOnWaxOffTests;
			packageProductDependencies = (
			);
			productName = WaxOnWaxOffTests;
			productReference = 90EE8B226D32F5CFC2993D78 /* WaxOnWaxOffTests.xctest */;
			productType = "com.apple.product-type.bundle.unit-test";
		};
/* End PBXNativeTarget section */

/* Begin PBXProject section */
		1AF47D8B2DC2EF26C561466E /* Project object */ = {
			isa = PBXProject;
			attributes = {
				BuildIndependentTargetsInParallel = YES;
				LastUpgradeCheck = 1430;
				TargetAttributes = {
					1250EFA712840B42D579EB01 = {
						DevelopmentTeam = QXUZR3C892;
						ProvisioningStyle = Automatic;
					};
					8EDAB167D9B5E2D90DB70FC4 = {
						DevelopmentTeam = QXUZR3C892;
						ProvisioningStyle = Automatic;
					};
				};
			};
			buildConfigurationList = 38423EA31E5BFA9B8DA0EB62 /* Build configuration list for PBXProject "WaxOnWaxOff" */;
			developmentRegion = en;
			hasScannedForEncodings = 0;
			knownRegions = (
				Base,
				en,
			);
			mainGroup = 911F2620CAB96FC28785D42D;
			minimizedProjectReferenceProxies = 1;
			preferredProjectObjectVersion = 77;
			productRefGroup = AE49A3A49871D47294C6278E /* Products */;
			projectDirPath = "";
			projectRoot = "";
			targets = (
				1250EFA712840B42D579EB01 /* WaxOnWaxOff */,
				8EDAB167D9B5E2D90DB70FC4 /* WaxOnWaxOffTests */,
			);
		};
/* End PBXProject section */

/* Begin PBXResourcesBuildPhase section */
		5C5A4AB30495E547F2D343A8 /* Resources */ = {
			isa = PBXResourcesBuildPhase;
			buildActionMask = 2147483647;
			files = (
				CD847A80DAF74E04F9A6E09C /* Assets.xcassets in Resources */,
				E2F849704F0599A362BD5A0C /* PrivacyInfo.xcprivacy in Resources */,
			);
			runOnlyForDeploymentPostprocessing = 0;
		};
/* End PBXResourcesBuildPhase section */

/* Begin PBXSourcesBuildPhase section */
		C5F925FBA32EB5FFDEA092CC /* Sources */ = {
			isa = PBXSourcesBuildPhase;
			buildActionMask = 2147483647;
			files = (
				ED311328F69B00783515B25C /* CleanupExpansionTests.swift in Sources */,
				73951EAD29D71098DBC0ECFC /* CleanupPolicyTests.swift in Sources */,
			);
			runOnlyForDeploymentPostprocessing = 0;
		};
		CAD221E40B0DA3ED934349BE /* Sources */ = {
			isa = PBXSourcesBuildPhase;
			buildActionMask = 2147483647;
			files = (
				E7E0288592E8BB0CE7C7BCE3 /* AppModel.swift in Sources */,
				3008395E4543B0E008E31A57 /* CleaningActivityView.swift in Sources */,
				8D111E3C802C0E87F016A557 /* CleanupEngine.swift in Sources */,
				3ACF31824E9663A3D70BDCCC /* CleanupPolicy.swift in Sources */,
				1E2AF5E6CC37188EF203DC50 /* FolderAccessManager.swift in Sources */,
				09A619A336C91E522CEEFCF8 /* MainView.swift in Sources */,
				3F2F7A8629C777DC893DB9BC /* Models.swift in Sources */,
				ED4BA28F66923CDD86C52499 /* ReclaimHistoryStore.swift in Sources */,
				6DAE75EDCD9141D3A00A3AC5 /* ScreenshotCapture.swift in Sources */,
				6F4A9156E6FFC2F90D5D6AFD /* WaxOnWaxOffApp.swift in Sources */,
			);
			runOnlyForDeploymentPostprocessing = 0;
		};
/* End PBXSourcesBuildPhase section */

/* Begin PBXTargetDependency section */
		74D11F0FA035EFC7934C1F53 /* PBXTargetDependency */ = {
			isa = PBXTargetDependency;
			target = 1250EFA712840B42D579EB01 /* WaxOnWaxOff */;
			targetProxy = 3BE1462A110B1DD989D3B931 /* PBXContainerItemProxy */;
		};
/* End PBXTargetDependency section */

/* Begin XCBuildConfiguration section */
		182736D18D36D3C88C6E563D /* Release */ = {
			isa = XCBuildConfiguration;
			buildSettings = {
				ASSETCATALOG_COMPILER_APPICON_NAME = AppIcon;
				CODE_SIGN_ENTITLEMENTS = App/Resources/WaxOnWaxOff.entitlements;
				COMBINE_HIDPI_IMAGES = YES;
				CURRENT_PROJECT_VERSION = 18;
				INFOPLIST_FILE = App/Resources/Info.plist;
				LD_RUNPATH_SEARCH_PATHS = (
					"$(inherited)",
					"@executable_path/../Frameworks",
				);
				MARKETING_VERSION = 1.0;
				PRODUCT_BUNDLE_IDENTIFIER = com.jannis.waxonwaxoff;
				PRODUCT_NAME = WaxOnWaxOff;
				SDKROOT = macosx;
			};
			name = Release;
		};
		282F615F6BA949F66797A65A /* Debug */ = {
			isa = XCBuildConfiguration;
			buildSettings = {
				BUNDLE_LOADER = "$(TEST_HOST)";
				COMBINE_HIDPI_IMAGES = YES;
				GENERATE_INFOPLIST_FILE = YES;
				LD_RUNPATH_SEARCH_PATHS = (
					"$(inherited)",
					"@executable_path/../Frameworks",
					"@loader_path/../Frameworks",
				);
				PRODUCT_BUNDLE_IDENTIFIER = com.jannis.waxonwaxoff.tests;
				SDKROOT = macosx;
				TEST_HOST = "$(BUILT_PRODUCTS_DIR)/WaxOnWaxOff.app/Contents/MacOS/WaxOnWaxOff";
			};
			name = Debug;
		};
		2E4DB86717FFBCA113248428 /* Debug */ = {
			isa = XCBuildConfiguration;
			buildSettings = {
				ASSETCATALOG_COMPILER_APPICON_NAME = AppIcon;
				CODE_SIGN_ENTITLEMENTS = App/Resources/WaxOnWaxOff.entitlements;
				COMBINE_HIDPI_IMAGES = YES;
				CURRENT_PROJECT_VERSION = 18;
				INFOPLIST_FILE = App/Resources/Info.plist;
				LD_RUNPATH_SEARCH_PATHS = (
					"$(inherited)",
					"@executable_path/../Frameworks",
				);
				MARKETING_VERSION = 1.0;
				PRODUCT_BUNDLE_IDENTIFIER = com.jannis.waxonwaxoff;
				PRODUCT_NAME = WaxOnWaxOff;
				SDKROOT = macosx;
			};
			name = Debug;
		};
		43874325AC6570109A5D1BF8 /* Release */ = {
			isa = XCBuildConfiguration;
			buildSettings = {
				ALWAYS_SEARCH_USER_PATHS = NO;
				CLANG_ANALYZER_NONNULL = YES;
				CLANG_ANALYZER_NUMBER_OBJECT_CONVERSION = YES_AGGRESSIVE;
				CLANG_CXX_LANGUAGE_STANDARD = "gnu++14";
				CLANG_CXX_LIBRARY = "libc++";
				CLANG_ENABLE_MODULES = YES;
				CLANG_ENABLE_OBJC_ARC = YES;
				CLANG_ENABLE_OBJC_WEAK = YES;
				CLANG_WARN_BLOCK_CAPTURE_AUTORELEASING = YES;
				CLANG_WARN_BOOL_CONVERSION = YES;
				CLANG_WARN_COMMA = YES;
				CLANG_WARN_CONSTANT_CONVERSION = YES;
				CLANG_WARN_DEPRECATED_OBJC_IMPLEMENTATIONS = YES;
				CLANG_WARN_DIRECT_OBJC_ISA_USAGE = YES_ERROR;
				CLANG_WARN_DOCUMENTATION_COMMENTS = YES;
				CLANG_WARN_EMPTY_BODY = YES;
				CLANG_WARN_ENUM_CONVERSION = YES;
				CLANG_WARN_INFINITE_RECURSION = YES;
				CLANG_WARN_INT_CONVERSION = YES;
				CLANG_WARN_NON_LITERAL_NULL_CONVERSION = YES;
				CLANG_WARN_OBJC_IMPLICIT_RETAIN_SELF = YES;
				CLANG_WARN_OBJC_LITERAL_CONVERSION = YES;
				CLANG_WARN_OBJC_ROOT_CLASS = YES_ERROR;
				CLANG_WARN_QUOTED_INCLUDE_IN_FRAMEWORK_HEADER = YES;
				CLANG_WARN_RANGE_LOOP_ANALYSIS = YES;
				CLANG_WARN_STRICT_PROTOTYPES = YES;
				CLANG_WARN_SUSPICIOUS_MOVE = YES;
				CLANG_WARN_UNGUARDED_AVAILABILITY = YES_AGGRESSIVE;
				CLANG_WARN_UNREACHABLE_CODE = YES;
				CLANG_WARN__DUPLICATE_METHOD_MATCH = YES;
				CODE_SIGN_STYLE = Automatic;
				COPY_PHASE_STRIP = NO;
				DEBUG_INFORMATION_FORMAT = "dwarf-with-dsym";
				DEVELOPMENT_TEAM = QXUZR3C892;
				ENABLE_HARDENED_RUNTIME = YES;
				ENABLE_NS_ASSERTIONS = NO;
				ENABLE_STRICT_OBJC_MSGSEND = YES;
				GCC_C_LANGUAGE_STANDARD = gnu11;
				GCC_NO_COMMON_BLOCKS = YES;
				GCC_WARN_64_TO_32_BIT_CONVERSION = YES;
				GCC_WARN_ABOUT_RETURN_TYPE = YES_ERROR;
				GCC_WARN_UNDECLARED_SELECTOR = YES;
				GCC_WARN_UNINITIALIZED_AUTOS = YES_AGGRESSIVE;
				GCC_WARN_UNUSED_FUNCTION = YES;
				GCC_WARN_UNUSED_VARIABLE = YES;
				GENERATE_INFOPLIST_FILE = NO;
				MACOSX_DEPLOYMENT_TARGET = 14.0;
				MTL_ENABLE_DEBUG_INFO = NO;
				MTL_FAST_MATH = YES;
				PRODUCT_NAME = "$(TARGET_NAME)";
				SDKROOT = macosx;
				SWIFT_COMPILATION_MODE = wholemodule;
				SWIFT_OPTIMIZATION_LEVEL = "-O";
				SWIFT_STRICT_CONCURRENCY = complete;
				SWIFT_VERSION = 6.0;
			};
			name = Release;
		};
		6E44138FD19471FF45FBACAD /* Debug */ = {
			isa = XCBuildConfiguration;
			buildSettings = {
				ALWAYS_SEARCH_USER_PATHS = NO;
				CLANG_ANALYZER_NONNULL = YES;
				CLANG_ANALYZER_NUMBER_OBJECT_CONVERSION = YES_AGGRESSIVE;
				CLANG_CXX_LANGUAGE_STANDARD = "gnu++14";
				CLANG_CXX_LIBRARY = "libc++";
				CLANG_ENABLE_MODULES = YES;
				CLANG_ENABLE_OBJC_ARC = YES;
				CLANG_ENABLE_OBJC_WEAK = YES;
				CLANG_WARN_BLOCK_CAPTURE_AUTORELEASING = YES;
				CLANG_WARN_BOOL_CONVERSION = YES;
				CLANG_WARN_COMMA = YES;
				CLANG_WARN_CONSTANT_CONVERSION = YES;
				CLANG_WARN_DEPRECATED_OBJC_IMPLEMENTATIONS = YES;
				CLANG_WARN_DIRECT_OBJC_ISA_USAGE = YES_ERROR;
				CLANG_WARN_DOCUMENTATION_COMMENTS = YES;
				CLANG_WARN_EMPTY_BODY = YES;
				CLANG_WARN_ENUM_CONVERSION = YES;
				CLANG_WARN_INFINITE_RECURSION = YES;
				CLANG_WARN_INT_CONVERSION = YES;
				CLANG_WARN_NON_LITERAL_NULL_CONVERSION = YES;
				CLANG_WARN_OBJC_IMPLICIT_RETAIN_SELF = YES;
				CLANG_WARN_OBJC_LITERAL_CONVERSION = YES;
				CLANG_WARN_OBJC_ROOT_CLASS = YES_ERROR;
				CLANG_WARN_QUOTED_INCLUDE_IN_FRAMEWORK_HEADER = YES;
				CLANG_WARN_RANGE_LOOP_ANALYSIS = YES;
				CLANG_WARN_STRICT_PROTOTYPES = YES;
				CLANG_WARN_SUSPICIOUS_MOVE = YES;
				CLANG_WARN_UNGUARDED_AVAILABILITY = YES_AGGRESSIVE;
				CLANG_WARN_UNREACHABLE_CODE = YES;
				CLANG_WARN__DUPLICATE_METHOD_MATCH = YES;
				CODE_SIGN_STYLE = Automatic;
				COPY_PHASE_STRIP = NO;
				DEBUG_INFORMATION_FORMAT = dwarf;
				DEVELOPMENT_TEAM = QXUZR3C892;
				ENABLE_HARDENED_RUNTIME = YES;
				ENABLE_STRICT_OBJC_MSGSEND = YES;
				ENABLE_TESTABILITY = YES;
				GCC_C_LANGUAGE_STANDARD = gnu11;
				GCC_DYNAMIC_NO_PIC = NO;
				GCC_NO_COMMON_BLOCKS = YES;
				GCC_OPTIMIZATION_LEVEL = 0;
				GCC_PREPROCESSOR_DEFINITIONS = (
					"$(inherited)",
					"DEBUG=1",
				);
				GCC_WARN_64_TO_32_BIT_CONVERSION = YES;
				GCC_WARN_ABOUT_RETURN_TYPE = YES_ERROR;
				GCC_WARN_UNDECLARED_SELECTOR = YES;
				GCC_WARN_UNINITIALIZED_AUTOS = YES_AGGRESSIVE;
				GCC_WARN_UNUSED_FUNCTION = YES;
				GCC_WARN_UNUSED_VARIABLE = YES;
				GENERATE_INFOPLIST_FILE = NO;
				MACOSX_DEPLOYMENT_TARGET = 14.0;
				MTL_ENABLE_DEBUG_INFO = INCLUDE_SOURCE;
				MTL_FAST_MATH = YES;
				ONLY_ACTIVE_ARCH = YES;
				PRODUCT_NAME = "$(TARGET_NAME)";
				SDKROOT = macosx;
				SWIFT_ACTIVE_COMPILATION_CONDITIONS = DEBUG;
				SWIFT_OPTIMIZATION_LEVEL = "-Onone";
				SWIFT_STRICT_CONCURRENCY = complete;
				SWIFT_VERSION = 6.0;
			};
			name = Debug;
		};
		EDC22558F78E1A4A6661AF8E /* Release */ = {
			isa = XCBuildConfiguration;
			buildSettings = {
				BUNDLE_LOADER = "$(TEST_HOST)";
				COMBINE_HIDPI_IMAGES = YES;
				GENERATE_INFOPLIST_FILE = YES;
				LD_RUNPATH_SEARCH_PATHS = (
					"$(inherited)",
					"@executable_path/../Frameworks",
					"@loader_path/../Frameworks",
				);
				PRODUCT_BUNDLE_IDENTIFIER = com.jannis.waxonwaxoff.tests;
				SDKROOT = macosx;
				TEST_HOST = "$(BUILT_PRODUCTS_DIR)/WaxOnWaxOff.app/Contents/MacOS/WaxOnWaxOff";
			};
			name = Release;
		};
/* End XCBuildConfiguration section */

/* Begin XCConfigurationList section */
		1400BF4EE190E56434281DF7 /* Build configuration list for PBXNativeTarget "WaxOnWaxOff" */ = {
			isa = XCConfigurationList;
			buildConfigurations = (
				2E4DB86717FFBCA113248428 /* Debug */,
				182736D18D36D3C88C6E563D /* Release */,
			);
			defaultConfigurationIsVisible = 0;
			defaultConfigurationName = Debug;
		};
		38423EA31E5BFA9B8DA0EB62 /* Build configuration list for PBXProject "WaxOnWaxOff" */ = {
			isa = XCConfigurationList;
			buildConfigurations = (
				6E44138FD19471FF45FBACAD /* Debug */,
				43874325AC6570109A5D1BF8 /* Release */,
			);
			defaultConfigurationIsVisible = 0;
			defaultConfigurationName = Debug;
		};
		530F76CBC64374E6F2E5377A /* Build configuration list for PBXNativeTarget "WaxOnWaxOffTests" */ = {
			isa = XCConfigurationList;
			buildConfigurations = (
				282F615F6BA949F66797A65A /* Debug */,
				EDC22558F78E1A4A6661AF8E /* Release */,
			);
			defaultConfigurationIsVisible = 0;
			defaultConfigurationName = Debug;
		};
/* End XCConfigurationList section */
	};
	rootObject = 1AF47D8B2DC2EF26C561466E /* Project object */;
}
